
Microsoft Visual Studio Solution File, Format Version 12.00
# Visual Studio Version 17
VisualStudioVersion = 17.3.32929.385
MinimumVisualStudioVersion = 10.0.40219.1
Project("{FAE04EC0-301F-11D3-BF4B-00C04F79EFBC}") = "Clock-angle-calculation", "Clock-angle-calculation\Clock-angle-calculation.csproj", "{B143BD7E-31DA-4E48-8562-40377ABBD8FE}"
EndProject
Global
	GlobalSection(SolutionConfigurationPlatforms) = preSolution
		Debug|Any CPU = Debug|Any CPU
		Release|Any CPU = Release|Any CPU
	EndGlobalSection
	GlobalSection(ProjectConfigurationPlatforms) = postSolution
		{B143BD7E-31DA-4E48-8562-40377ABBD8FE}.Debug|Any CPU.ActiveCfg = Debug|Any CPU
		{B143BD7E-31DA-4E48-8562-40377ABBD8FE}.Debug|Any CPU.Build.0 = Debug|Any CPU
		{B143BD7E-31DA-4E48-8562-40377ABBD8FE}.Release|Any CPU.ActiveCfg = Release|Any CPU
		{B143BD7E-31DA-4E48-8562-40377ABBD8FE}.Release|Any CPU.Build.0 = Release|Any CPU
	EndGlobalSection
	GlobalSection(SolutionProperties) = preSolution
		HideSolutionNode = FALSE
	EndGlobalSection
	GlobalSection(ExtensibilityGlobals) = postSolution
		SolutionGuid = {C2C3B905-FB0E-4F83-AB9E-E55237BECB43}
	EndGlobalSection
EndGlobal
